
Microsoft Visual Studio Solution File, Format Version 12.00
# Visual Studio Version 16
VisualStudioVersion = 16.0.29709.97
MinimumVisualStudioVersion = 10.0.40219.1
Project("{FAE04EC0-301F-11D3-BF4B-00C04F79EFBC}") = "TicTacToe", "TicTacToe\TicTacToe.csproj", "{5310E02B-5C03-4FE6-A4ED-37497E76BCA9}"
EndProject
Global
	GlobalSection(SolutionConfigurationPlatforms) = preSolution
		Debug|Any CPU = Debug|Any CPU
		Release|Any CPU = Release|Any CPU
	EndGlobalSection
	GlobalSection(ProjectConfigurationPlatforms) = postSolution
		{5310E02B-5C03-4FE6-A4ED-37497E76BCA9}.Debug|Any CPU.ActiveCfg = Debug|Any CPU
		{5310E02B-5C03-4FE6-A4ED-37497E76BCA9}.Debug|Any CPU.Build.0 = Debug|Any CPU
		{5310E02B-5C03-4FE6-A4ED-37497E76BCA9}.Release|Any CPU.ActiveCfg = Release|Any CPU
		{5310E02B-5C03-4FE6-A4ED-37497E76BCA9}.Release|Any CPU.Build.0 = Release|Any CPU
	EndGlobalSection
	GlobalSection(SolutionProperties) = preSolution
		HideSolutionNode = FALSE
	EndGlobalSection
	GlobalSection(ExtensibilityGlobals) = postSolution
		SolutionGuid = {FC0E0498-EF27-4F7F-BCC0-151E2FDA0563}
	EndGlobalSection
EndGlobal
